
Microsoft Visual Studio Solution File, Format Version 12.00
# Visual Studio Version 17
VisualStudioVersion = 17.0.32112.339
MinimumVisualStudioVersion = 10.0.40219.1
Project("{9A19103F-16F7-4668-BE54-9A1E7A4F7556}") = "AimuBot", "AimuBot\AimuBot.csproj", "{60E186AF-A999-4944-B311-69BA4168AC62}"
EndProject
Global
	GlobalSection(SolutionConfigurationPlatforms) = preSolution
		Debug|Any CPU = Debug|Any CPU
		Debug|x64 = Debug|x64
		Release|Any CPU = Release|Any CPU
		Release|x64 = Release|x64
	EndGlobalSection
	GlobalSection(ProjectConfigurationPlatforms) = postSolution
		{60E186AF-A999-4944-B311-69BA4168AC62}.Debug|Any CPU.ActiveCfg = Debug|Any CPU
		{60E186AF-A999-4944-B311-69BA4168AC62}.Debug|Any CPU.Build.0 = Debug|Any CPU
		{60E186AF-A999-4944-B311-69BA4168AC62}.Debug|x64.ActiveCfg = Debug|x64
		{60E186AF-A999-4944-B311-69BA4168AC62}.Debug|x64.Build.0 = Debug|x64
		{60E186AF-A999-4944-B311-69BA4168AC62}.Release|Any CPU.ActiveCfg = Release|Any CPU
		{60E186AF-A999-4944-B311-69BA4168AC62}.Release|Any CPU.Build.0 = Release|Any CPU
		{60E186AF-A999-4944-B311-69BA4168AC62}.Release|x64.ActiveCfg = Release|x64
		{60E186AF-A999-4944-B311-69BA4168AC62}.Release|x64.Build.0 = Release|x64
	EndGlobalSection
	GlobalSection(SolutionProperties) = preSolution
		HideSolutionNode = FALSE
	EndGlobalSection
	GlobalSection(ExtensibilityGlobals) = postSolution
		SolutionGuid = {0F7A6D58-849B-4318-B518-4CA0C9405A5D}
	EndGlobalSection
EndGlobal
